lockfileVersion: 5.4

importers:

  .:
    specifiers: {}

  packages/cli:
    specifiers:
      '@types/node': ^17.0.41
      '@vitejs/plugin-vue': ^2.3.3
      commander: ^9.3.0
      fs-extra: ^10.1.0
      inquirer: ^8.2.4
      semver: ^7.3.7
      typescript: ^4.7.3
      vite: ^2.9.9
      vue: ^3.2.25
      vue-tsc: ^0.34.7
    dependencies:
      '@vitejs/plugin-vue': 2.3.3_vite@2.9.10+vue@3.2.37
      commander: 9.3.0
      fs-extra: 10.1.0
      inquirer: 8.2.4
      semver: 7.3.7
      vite: 2.9.10
      vue: 3.2.37
    devDependencies:
      '@types/node': 17.0.41
      typescript: 4.7.3
      vue-tsc: 0.34.17_typescript@4.7.3

  packages/ui:
    specifiers:
      '@lin-ui-vue/cli': workspace:^1.0.0
      '@vitejs/plugin-vue': ^2.3.3
      typescript: ^4.5.4
      vite: ^2.9.9
      vue: ^3.2.25
      vue-tsc: ^0.34.7
    dependencies:
      vue: 3.2.37
    devDependencies:
      '@lin-ui-vue/cli': link:../cli
      '@vitejs/plugin-vue': 2.3.3_vite@2.9.10+vue@3.2.37
      typescript: 4.7.3
      vite: 2.9.10
      vue-tsc: 0.34.17_typescript@4.7.3

packages:

  /@babel/helper-validator-identifier/7.16.7:
    resolution: {integrity: sha512-hsEnFemeiW4D08A5gUAZxLBTXpZ39P+a+DGDsHw1yxqyQ/jzFEnxf5uTEGp+3bzAbNOxU1paTgYS4ECU/IgfDw==}
    engines: {node: '>=6.9.0'}

  /@babel/parser/7.18.4:
    resolution: {integrity: sha512-FDge0dFazETFcxGw/EXzOkN8uJp0PC7Qbm+Pe9T+av2zlBpOgunFHkQPPn+eRuClU73JF+98D531UgayY89tow==}
    engines: {node: '>=6.0.0'}
    hasBin: true
    dependencies:
      '@babel/types': 7.18.4

  /@babel/types/7.18.4:
    resolution: {integrity: sha512-ThN1mBcMq5pG/Vm2IcBmPPfyPXbd8S02rS+OBIDENdufvqC7Z/jHPCv9IcP01277aKtDI8g/2XysBN4hA8niiw==}
    engines: {node: '>=6.9.0'}
    dependencies:
      '@babel/helper-validator-identifier': 7.16.7
      to-fast-properties: 2.0.0

  /@types/node/17.0.41:
    resolution: {integrity: sha512-xA6drNNeqb5YyV5fO3OAEsnXLfO7uF0whiOfPTz5AeDo8KeZFmODKnvwPymMNO8qE/an8pVY/O50tig2SQCrGw==}
    dev: true

  /@vitejs/plugin-vue/2.3.3_vite@2.9.10+vue@3.2.37:
    resolution: {integrity: sha512-SmQLDyhz+6lGJhPELsBdzXGc+AcaT8stgkbiTFGpXPe8Tl1tJaBw1A6pxDqDuRsVkD8uscrkx3hA7QDOoKYtyw==}
    engines: {node: '>=12.0.0'}
    peerDependencies:
      vite: ^2.5.10
      vue: ^3.2.25
    dependencies:
      vite: 2.9.10
      vue: 3.2.37

  /@volar/code-gen/0.34.17:
    resolution: {integrity: sha512-rHR7BA71BJ/4S7xUOPMPiB7uk6iU9oTWpEMZxFi5VGC9iJmDncE82WzU5iYpcbOBCVHsOjMh0+5CGMgdO6SaPA==}
    dependencies:
      '@volar/source-map': 0.34.17
    dev: true

  /@volar/source-map/0.34.17:
    resolution: {integrity: sha512-3yn1IMXJGGWB/G817/VFlFMi8oh5pmE7VzUqvgMZMrppaZpKj6/juvJIEiXNxRsgWc0RxIO8OSp4htdPUg1Raw==}
    dev: true

  /@volar/vue-code-gen/0.34.17:
    resolution: {integrity: sha512-17pzcK29fyFWUc+C82J3JYSnA+jy3QNrIldb9kPaP9Itbik05ZjEIyEue9FjhgIAuHeYSn4LDM5s6nGjxyfhsQ==}
    dependencies:
      '@volar/code-gen': 0.34.17
      '@volar/source-map': 0.34.17
      '@vue/compiler-core': 3.2.37
      '@vue/compiler-dom': 3.2.37
      '@vue/shared': 3.2.37
    dev: true

  /@volar/vue-typescript/0.34.17:
    resolution: {integrity: sha512-U0YSVIBPRWVPmgJHNa4nrfq88+oS+tmyZNxmnfajIw9A/GOGZQiKXHC0k09SVvbYXlsjgJ6NIjhm9NuAhGRQjg==}
    dependencies:
      '@volar/code-gen': 0.34.17
      '@volar/source-map': 0.34.17
      '@volar/vue-code-gen': 0.34.17
      '@vue/compiler-sfc': 3.2.37
      '@vue/reactivity': 3.2.37
    dev: true

  /@vue/compiler-core/3.2.37:
    resolution: {integrity: sha512-81KhEjo7YAOh0vQJoSmAD68wLfYqJvoiD4ulyedzF+OEk/bk6/hx3fTNVfuzugIIaTrOx4PGx6pAiBRe5e9Zmg==}
    dependencies:
      '@babel/parser': 7.18.4
      '@vue/shared': 3.2.37
      estree-walker: 2.0.2
      source-map: 0.6.1

  /@vue/compiler-dom/3.2.37:
    resolution: {integrity: sha512-yxJLH167fucHKxaqXpYk7x8z7mMEnXOw3G2q62FTkmsvNxu4FQSu5+3UMb+L7fjKa26DEzhrmCxAgFLLIzVfqQ==}
    dependencies:
      '@vue/compiler-core': 3.2.37
      '@vue/shared': 3.2.37

  /@vue/compiler-sfc/3.2.37:
    resolution: {integrity: sha512-+7i/2+9LYlpqDv+KTtWhOZH+pa8/HnX/905MdVmAcI/mPQOBwkHHIzrsEsucyOIZQYMkXUiTkmZq5am/NyXKkg==}
    dependencies:
      '@babel/parser': 7.18.4
      '@vue/compiler-core': 3.2.37
      '@vue/compiler-dom': 3.2.37
      '@vue/compiler-ssr': 3.2.37
      '@vue/reactivity-transform': 3.2.37
      '@vue/shared': 3.2.37
      estree-walker: 2.0.2
      magic-string: 0.25.9
      postcss: 8.4.14
      source-map: 0.6.1

  /@vue/compiler-ssr/3.2.37:
    resolution: {integrity: sha512-7mQJD7HdXxQjktmsWp/J67lThEIcxLemz1Vb5I6rYJHR5vI+lON3nPGOH3ubmbvYGt8xEUaAr1j7/tIFWiEOqw==}
    dependencies:
      '@vue/compiler-dom': 3.2.37
      '@vue/shared': 3.2.37

  /@vue/reactivity-transform/3.2.37:
    resolution: {integrity: sha512-IWopkKEb+8qpu/1eMKVeXrK0NLw9HicGviJzhJDEyfxTR9e1WtpnnbYkJWurX6WwoFP0sz10xQg8yL8lgskAZg==}
    dependencies:
      '@babel/parser': 7.18.4
      '@vue/compiler-core': 3.2.37
      '@vue/shared': 3.2.37
      estree-walker: 2.0.2
      magic-string: 0.25.9

  /@vue/reactivity/3.2.37:
    resolution: {integrity: sha512-/7WRafBOshOc6m3F7plwzPeCu/RCVv9uMpOwa/5PiY1Zz+WLVRWiy0MYKwmg19KBdGtFWsmZ4cD+LOdVPcs52A==}
    dependencies:
      '@vue/shared': 3.2.37

  /@vue/runtime-core/3.2.37:
    resolution: {integrity: sha512-JPcd9kFyEdXLl/i0ClS7lwgcs0QpUAWj+SKX2ZC3ANKi1U4DOtiEr6cRqFXsPwY5u1L9fAjkinIdB8Rz3FoYNQ==}
    dependencies:
      '@vue/reactivity': 3.2.37
      '@vue/shared': 3.2.37

  /@vue/runtime-dom/3.2.37:
    resolution: {integrity: sha512-HimKdh9BepShW6YozwRKAYjYQWg9mQn63RGEiSswMbW+ssIht1MILYlVGkAGGQbkhSh31PCdoUcfiu4apXJoPw==}
    dependencies:
      '@vue/runtime-core': 3.2.37
      '@vue/shared': 3.2.37
      csstype: 2.6.20

  /@vue/server-renderer/3.2.37_vue@3.2.37:
    resolution: {integrity: sha512-kLITEJvaYgZQ2h47hIzPh2K3jG8c1zCVbp/o/bzQOyvzaKiCquKS7AaioPI28GNxIsE/zSx+EwWYsNxDCX95MA==}
    peerDependencies:
      vue: 3.2.37
    dependencies:
      '@vue/compiler-ssr': 3.2.37
      '@vue/shared': 3.2.37
      vue: 3.2.37

  /@vue/shared/3.2.37:
    resolution: {integrity: sha512-4rSJemR2NQIo9Klm1vabqWjD8rs/ZaJSzMxkMNeJS6lHiUjjUeYFbooN19NgFjztubEKh3WlZUeOLVdbbUWHsw==}

  /ansi-escapes/4.3.2:
    resolution: {integrity: sha512-gKXj5ALrKWQLsYG9jlTRmR/xKluxHV+Z9QEwNIgCfM1/uwPMCuzVVnh5mwTd+OuBZcwSIMbqssNWRm1lE51QaQ==}
    engines: {node: '>=8'}
    dependencies:
      type-fest: 0.21.3
    dev: false

  /ansi-regex/5.0.1:
    resolution: {integrity: sha512-quJQXlTSUGL2LH9SUXo8VwsY4soanhgo6LNSm84E1LBcE8s3O0wpdiRzyR9z/ZZJMlMWv37qOOb9pdJlMUEKFQ==}
    engines: {node: '>=8'}
    dev: false

  /ansi-styles/4.3.0:
    resolution: {integrity: sha512-zbB9rCJAT1rbjiVDb2hqKFHNYLxgtk8NURxZ3IZwD3F6NtxbXZQCnnSi1Lkx+IDohdPlFp222wVALIheZJQSEg==}
    engines: {node: '>=8'}
    dependencies:
      color-convert: 2.0.1
    dev: false

  /base64-js/1.5.1:
    resolution: {integrity: sha512-AKpaYlHn8t4SVbOHCy+b5+KKgvR4vrsD8vbvrbiQJps7fKDTkjkDry6ji0rUJjC0kzbNePLwzxq8iypo41qeWA==}
    dev: false

  /bl/4.1.0:
    resolution: {integrity: sha512-1W07cM9gS6DcLperZfFSj+bWLtaPGSOHWhPiGzXmvVJbRLdG82sH/Kn8EtW1VqWVA54AKf2h5k5BbnIbwF3h6w==}
    dependencies:
      buffer: 5.7.1
      inherits: 2.0.4
      readable-stream: 3.6.0
    dev: false

  /buffer/5.7.1:
    resolution: {integrity: sha512-EHcyIPBQ4BSGlvjB16k5KgAJ27CIsHY/2JBmCRReo48y9rQ3MaUzWX3KVlBa4U7MyX02HdVj0K7C3WaB3ju7FQ==}
    dependencies:
      base64-js: 1.5.1
      ieee754: 1.2.1
    dev: false

  /chalk/4.1.2:
    resolution: {integrity: sha512-oKnbhFyRIXpUuez8iBMmyEa4nbj4IOQyuhc/wy9kY7/WVPcwIO9VA668Pu8RkO7+0G76SLROeyw9CpQ061i4mA==}
    engines: {node: '>=10'}
    dependencies:
      ansi-styles: 4.3.0
      supports-color: 7.2.0
    dev: false

  /chardet/0.7.0:
    resolution: {integrity: sha512-mT8iDcrh03qDGRRmoA2hmBJnxpllMR+0/0qlzjqZES6NdiWDcZkCNAk4rPFZ9Q85r27unkiNNg8ZOiwZXBHwcA==}
    dev: false

  /cli-cursor/3.1.0:
    resolution: {integrity: sha512-I/zHAwsKf9FqGoXM4WWRACob9+SNukZTd94DWF57E4toouRulbCxcUh6RKUEOQlYTHJnzkPMySvPNaaSLNfLZw==}
    engines: {node: '>=8'}
    dependencies:
      restore-cursor: 3.1.0
    dev: false

  /cli-spinners/2.6.1:
    resolution: {integrity: sha512-x/5fWmGMnbKQAaNwN+UZlV79qBLM9JFnJuJ03gIi5whrob0xV0ofNVHy9DhwGdsMJQc2OKv0oGmLzvaqvAVv+g==}
    engines: {node: '>=6'}
    dev: false

  /cli-width/3.0.0:
    resolution: {integrity: sha512-FxqpkPPwu1HjuN93Omfm4h8uIanXofW0RxVEW3k5RKx+mJJYSthzNhp32Kzxxy3YAEZ/Dc/EWN1vZRY0+kOhbw==}
    engines: {node: '>= 10'}
    dev: false

  /clone/1.0.4:
    resolution: {integrity: sha512-JQHZ2QMW6l3aH/j6xCqQThY/9OH4D/9ls34cgkUBiEeocRTU04tHfKPBsUK1PqZCUQM7GiA0IIXJSuXHI64Kbg==}
    engines: {node: '>=0.8'}
    dev: false

  /color-convert/2.0.1:
    resolution: {integrity: sha512-RRECPsj7iu/xb5oKYcsFHSppFNnsj/52OVTRKb4zP5onXwVF3zVmmToNcOfGC+CRDpfK/U584fMg38ZHCaElKQ==}
    engines: {node: '>=7.0.0'}
    dependencies:
      color-name: 1.1.4
    dev: false

  /color-name/1.1.4:
    resolution: {integrity: sha512-dOy+3AuW3a2wNbZHIuMZpTcgjGuLU/uBL/ubcZF9OXbDo8ff4O8yVp5Bf0efS8uEoYo5q4Fx7dY9OgQGXgAsQA==}
    dev: false

  /commander/9.3.0:
    resolution: {integrity: sha512-hv95iU5uXPbK83mjrJKuZyFM/LBAoCV/XhVGkS5Je6tl7sxr6A0ITMw5WoRV46/UaJ46Nllm3Xt7IaJhXTIkzw==}
    engines: {node: ^12.20.0 || >=14}
    dev: false

  /csstype/2.6.20:
    resolution: {integrity: sha512-/WwNkdXfckNgw6S5R125rrW8ez139lBHWouiBvX8dfMFtcn6V81REDqnH7+CRpRipfYlyU1CmOnOxrmGcFOjeA==}

  /defaults/1.0.3:
    resolution: {integrity: sha512-s82itHOnYrN0Ib8r+z7laQz3sdE+4FP3d9Q7VLO7U+KRT+CR0GsWuyHxzdAY82I7cXv0G/twrqomTJLOssO5HA==}
    dependencies:
      clone: 1.0.4
    dev: false

  /emoji-regex/8.0.0:
    resolution: {integrity: sha512-MSjYzcWNOA0ewAHpz0MxpYFvwg6yjy1NG3xteoqz644VCo/RPgnr1/GGt+ic3iJTzQ8Eu3TdM14SawnVUmGE6A==}
    dev: false

  /esbuild-android-64/0.14.43:
    resolution: {integrity: sha512-kqFXAS72K6cNrB6RiM7YJ5lNvmWRDSlpi7ZuRZ1hu1S3w0zlwcoCxWAyM23LQUyZSs1PbjHgdbbfYAN8IGh6xg==}
    engines: {node: '>=12'}
    cpu: [x64]
    os: [android]
    requiresBuild: true
    optional: true

  /esbuild-android-arm64/0.14.43:
    resolution: {integrity: sha512-bKS2BBFh+7XZY9rpjiHGRNA7LvWYbZWP87pLehggTG7tTaCDvj8qQGOU/OZSjCSKDYbgY7Q+oDw8RlYQ2Jt2BA==}
    engines: {node: '>=12'}
    cpu: [arm64]
    os: [android]
    requiresBuild: true
    optional: true

  /esbuild-darwin-64/0.14.43:
    resolution: {integrity: sha512-/3PSilx011ttoieRGkSZ0XV8zjBf2C9enV4ScMMbCT4dpx0mFhMOpFnCHkOK0pWGB8LklykFyHrWk2z6DENVUg==}
    engines: {node: '>=12'}
    cpu: [x64]
    os: [darwin]
    requiresBuild: true
    optional: true

  /esbuild-darwin-arm64/0.14.43:
    resolution: {integrity: sha512-1HyFUKs8DMCBOvw1Qxpr5Vv/ThNcVIFb5xgXWK3pyT40WPvgYIiRTwJCvNs4l8i5qWF8/CK5bQxJVDjQvtv0Yw==}
    engines: {node: '>=12'}
    cpu: [arm64]
    os: [darwin]
    requiresBuild: true
    optional: true

  /esbuild-freebsd-64/0.14.43:
    resolution: {integrity: sha512-FNWc05TPHYgaXjbPZO5/rJKSBslfG6BeMSs8GhwnqAKP56eEhvmzwnIz1QcC9cRVyO+IKqWNfmHFkCa1WJTULA==}
    engines: {node: '>=12'}
    cpu: [x64]
    os: [freebsd]
    requiresBuild: true
    optional: true

  /esbuild-freebsd-arm64/0.14.43:
    resolution: {integrity: sha512-amrYopclz3VohqisOPR6hA3GOWA3LZC1WDLnp21RhNmoERmJ/vLnOpnrG2P/Zao+/erKTCUqmrCIPVtj58DRoA==}
    engines: {node: '>=12'}
    cpu: [arm64]
    os: [freebsd]
    requiresBuild: true
    optional: true

  /esbuild-linux-32/0.14.43:
    resolution: {integrity: sha512-KoxoEra+9O3AKVvgDFvDkiuddCds6q71owSQEYwjtqRV7RwbPzKxJa6+uyzUulHcyGVq0g15K0oKG5CFBcvYDw==}
    engines: {node: '>=12'}
    cpu: [ia32]
    os: [linux]
    requiresBuild: true
    optional: true

  /esbuild-linux-64/0.14.43:
    resolution: {integrity: sha512-EwINwGMyiJMgBby5/SbMqKcUhS5AYAZ2CpEBzSowsJPNBJEdhkCTtEjk757TN/wxgbu3QklqDM6KghY660QCUw==}
    engines: {node: '>=12'}
    cpu: [x64]
    os: [linux]
    requiresBuild: true
    optional: true

  /esbuild-linux-arm/0.14.43:
    resolution: {integrity: sha512-e6YzQUoDxxtyamuF12eVzzRC7bbEFSZohJ6igQB9tBqnNmIQY3fI6Cns3z2wxtbZ3f2o6idkD2fQnlvs2902Dg==}
    engines: {node: '>=12'}
    cpu: [arm]
    os: [linux]
    requiresBuild: true
    optional: true

  /esbuild-linux-arm64/0.14.43:
    resolution: {integrity: sha512-UlSpjMWllAc70zYbHxWuDS3FJytyuR/gHJYBr8BICcTNb/TSOYVBg6U7b3jZ3mILTrgzwJUHwhEwK18FZDouUQ==}
    engines: {node: '>=12'}
    cpu: [arm64]
    os: [linux]
    requiresBuild: true
    optional: true

  /esbuild-linux-mips64le/0.14.43:
    resolution: {integrity: sha512-f+v8cInPEL1/SDP//CfSYzcDNgE4CY3xgDV81DWm3KAPWzhvxARrKxB1Pstf5mB56yAslJDxu7ryBUPX207EZA==}
    engines: {node: '>=12'}
    cpu: [mips64el]
    os: [linux]
    requiresBuild: true
    optional: true

  /esbuild-linux-ppc64le/0.14.43:
    resolution: {integrity: sha512-5wZYMDGAL/K2pqkdIsW+I4IR41kyfHr/QshJcNpUfK3RjB3VQcPWOaZmc+74rm4ZjVirYrtz+jWw0SgxtxRanA==}
    engines: {node: '>=12'}
    cpu: [ppc64]
    os: [linux]
    requiresBuild: true
    optional: true

  /esbuild-linux-riscv64/0.14.43:
    resolution: {integrity: sha512-lYcAOUxp85hC7lSjycJUVSmj4/9oEfSyXjb/ua9bNl8afonaduuqtw7hvKMoKuYnVwOCDw4RSfKpcnIRDWq+Bw==}
    engines: {node: '>=12'}
    cpu: [riscv64]
    os: [linux]
    requiresBuild: true
    optional: true

  /esbuild-linux-s390x/0.14.43:
    resolution: {integrity: sha512-27e43ZhHvhFE4nM7HqtUbMRu37I/4eNSUbb8FGZWszV+uLzMIsHDwLoBiJmw7G9N+hrehNPeQ4F5Ujad0DrUKQ==}
    engines: {node: '>=12'}
    cpu: [s390x]
    os: [linux]
    requiresBuild: true
    optional: true

  /esbuild-netbsd-64/0.14.43:
    resolution: {integrity: sha512-2mH4QF6hHBn5zzAfxEI/2eBC0mspVsZ6UVo821LpAJKMvLJPBk3XJO5xwg7paDqSqpl7p6IRrAenW999AEfJhQ==}
    engines: {node: '>=12'}
    cpu: [x64]
    os: [netbsd]
    requiresBuild: true
    optional: true

  /esbuild-openbsd-64/0.14.43:
    resolution: {integrity: sha512-ZhQpiZjvqCqO8jKdGp9+8k9E/EHSA+zIWOg+grwZasI9RoblqJ1QiZqqi7jfd6ZrrG1UFBNGe4m0NFxCFbMVbg==}
    engines: {node: '>=12'}
    cpu: [x64]
    os: [openbsd]
    requiresBuild: true
    optional: true

  /esbuild-sunos-64/0.14.43:
    resolution: {integrity: sha512-DgxSi9DaHReL9gYuul2rrQCAapgnCJkh3LSHPKsY26zytYppG0HgkgVF80zjIlvEsUbGBP/GHQzBtrezj/Zq1Q==}
    engines: {node: '>=12'}
    cpu: [x64]
    os: [sunos]
    requiresBuild: true
    optional: true

  /esbuild-windows-32/0.14.43:
    resolution: {integrity: sha512-Ih3+2O5oExiqm0mY6YYE5dR0o8+AspccQ3vIAtRodwFvhuyGLjb0Hbmzun/F3Lw19nuhPMu3sW2fqIJ5xBxByw==}
    engines: {node: '>=12'}
    cpu: [ia32]
    os: [win32]
    requiresBuild: true
    optional: true

  /esbuild-windows-64/0.14.43:
    resolution: {integrity: sha512-8NsuNfI8xwFuJbrCuI+aBqNTYkrWErejFO5aYM+yHqyHuL8mmepLS9EPzAzk8rvfaJrhN0+RvKWAcymViHOKEw==}
    engines: {node: '>=12'}
    cpu: [x64]
    os: [win32]
    requiresBuild: true
    optional: true

  /esbuild-windows-arm64/0.14.43:
    resolution: {integrity: sha512-7ZlD7bo++kVRblJEoG+cepljkfP8bfuTPz5fIXzptwnPaFwGS6ahvfoYzY7WCf5v/1nX2X02HDraVItTgbHnKw==}
    engines: {node: '>=12'}
    cpu: [arm64]
    os: [win32]
    requiresBuild: true
    optional: true

  /esbuild/0.14.43:
    resolution: {integrity: sha512-Uf94+kQmy/5jsFwKWiQB4hfo/RkM9Dh7b79p8yqd1tshULdr25G2szLz631NoH3s2ujnKEKVD16RmOxvCNKRFA==}
    engines: {node: '>=12'}
    hasBin: true
    requiresBuild: true
    optionalDependencies:
      esbuild-android-64: 0.14.43
      esbuild-android-arm64: 0.14.43
      esbuild-darwin-64: 0.14.43
      esbuild-darwin-arm64: 0.14.43
      esbuild-freebsd-64: 0.14.43
      esbuild-freebsd-arm64: 0.14.43
      esbuild-linux-32: 0.14.43
      esbuild-linux-64: 0.14.43
      esbuild-linux-arm: 0.14.43
      esbuild-linux-arm64: 0.14.43
      esbuild-linux-mips64le: 0.14.43
      esbuild-linux-ppc64le: 0.14.43
      esbuild-linux-riscv64: 0.14.43
      esbuild-linux-s390x: 0.14.43
      esbuild-netbsd-64: 0.14.43
      esbuild-openbsd-64: 0.14.43
      esbuild-sunos-64: 0.14.43
      esbuild-windows-32: 0.14.43
      esbuild-windows-64: 0.14.43
      esbuild-windows-arm64: 0.14.43

  /escape-string-regexp/1.0.5:
    resolution: {integrity: sha512-vbRorB5FUQWvla16U8R/qgaFIya2qGzwDrNmCZuYKrbdSUMG6I1ZCGQRefkRVhuOkIGVne7BQ35DSfo1qvJqFg==}
    engines: {node: '>=0.8.0'}
    dev: false

  /estree-walker/2.0.2:
    resolution: {integrity: sha512-Rfkk/Mp/DL7JVje3u18FxFujQlTNR2q6QfMSMB7AvCBx91NGj/ba3kCfza0f6dVDbw7YlRf/nDrn7pQrCCyQ/w==}

  /external-editor/3.1.0:
    resolution: {integrity: sha512-hMQ4CX1p1izmuLYyZqLMO/qGNw10wSv9QDCPfzXfyFrOaCSSoRfqE1Kf1s5an66J5JZC62NewG+mK49jOCtQew==}
    engines: {node: '>=4'}
    dependencies:
      chardet: 0.7.0
      iconv-lite: 0.4.24
      tmp: 0.0.33
    dev: false

  /figures/3.2.0:
    resolution: {integrity: sha512-yaduQFRKLXYOGgEn6AZau90j3ggSOyiqXU0F9JZfeXYhNa+Jk4X+s45A2zg5jns87GAFa34BBm2kXw4XpNcbdg==}
    engines: {node: '>=8'}
    dependencies:
      escape-string-regexp: 1.0.5
    dev: false

  /fs-extra/10.1.0:
    resolution: {integrity: sha512-oRXApq54ETRj4eMiFzGnHWGy+zo5raudjuxN0b8H7s/RU2oW0Wvsx9O0ACRN/kRq9E8Vu/ReskGB5o3ji+FzHQ==}
    engines: {node: '>=12'}
    dependencies:
      graceful-fs: 4.2.10
      jsonfile: 6.1.0
      universalify: 2.0.0
    dev: false

  /fsevents/2.3.2:
    resolution: {integrity: sha512-xiqMQR4xAeHTuB9uWm+fFRcIOgKBMiOBP+eXiyT7jsgVCq1bkVygt00oASowB7EdtpOHaaPgKt812P9ab+DDKA==}
    engines: {node: ^8.16.0 || ^10.6.0 || >=11.0.0}
    os: [darwin]
    requiresBuild: true
    optional: true

  /function-bind/1.1.1:
    resolution: {integrity: sha512-yIovAzMX49sF8Yl58fSCWJ5svSLuaibPxXQJFLmBObTuCr0Mf1KiPopGM9NiFjiYBCbfaa2Fh6breQ6ANVTI0A==}

  /graceful-fs/4.2.10:
    resolution: {integrity: sha512-9ByhssR2fPVsNZj478qUUbKfmL0+t5BDVyjShtyZZLiK7ZDAArFFfopyOTj0M05wE2tJPisA4iTnnXl2YoPvOA==}
    dev: false

  /has-flag/4.0.0:
    resolution: {integrity: sha512-EykJT/Q1KjTWctppgIAgfSO0tKVuZUjhgMr17kqTumMl6Afv3EISleU7qZUzoXDFTAHTDC4NOoG/ZxU3EvlMPQ==}
    engines: {node: '>=8'}
    dev: false

  /has/1.0.3:
    resolution: {integrity: sha512-f2dvO0VU6Oej7RkWJGrehjbzMAjFp5/VKPp5tTpWIV4JHHZK1/BxbFRtf/siA2SWTe09caDmVtYYzWEIbBS4zw==}
    engines: {node: '>= 0.4.0'}
    dependencies:
      function-bind: 1.1.1

  /iconv-lite/0.4.24:
    resolution: {integrity: sha512-v3MXnZAcvnywkTUEZomIActle7RXXeedOR31wwl7VlyoXO4Qi9arvSenNQWne1TcRwhCL1HwLI21bEqdpj8/rA==}
    engines: {node: '>=0.10.0'}
    dependencies:
      safer-buffer: 2.1.2
    dev: false

  /ieee754/1.2.1:
    resolution: {integrity: sha512-dcyqhDvX1C46lXZcVqCpK+FtMRQVdIMN6/Df5js2zouUsqG7I6sFxitIC+7KYK29KdXOLHdu9zL4sFnoVQnqaA==}
    dev: false

  /inherits/2.0.4:
    resolution: {integrity: sha512-k/vGaX4/Yla3WzyMCvTQOXYeIHvqOKtnqBduzTHpzpQZzAskKMhZ2K+EnBiSM9zGSoIFeMpXKxa4dYeZIQqewQ==}
    dev: false

  /inquirer/8.2.4:
    resolution: {integrity: sha512-nn4F01dxU8VeKfq192IjLsxu0/OmMZ4Lg3xKAns148rCaXP6ntAoEkVYZThWjwON8AlzdZZi6oqnhNbxUG9hVg==}
    engines: {node: '>=12.0.0'}
    dependencies:
      ansi-escapes: 4.3.2
      chalk: 4.1.2
      cli-cursor: 3.1.0
      cli-width: 3.0.0
      external-editor: 3.1.0
      figures: 3.2.0
      lodash: 4.17.21
      mute-stream: 0.0.8
      ora: 5.4.1
      run-async: 2.4.1
      rxjs: 7.5.5
      string-width: 4.2.3
      strip-ansi: 6.0.1
      through: 2.3.8
      wrap-ansi: 7.0.0
    dev: false

  /is-core-module/2.9.0:
    resolution: {integrity: sha512-+5FPy5PnwmO3lvfMb0AsoPaBG+5KHUI0wYFXOtYPnVVVspTFUuMZNfNaNVRt3FZadstu2c8x23vykRW/NBoU6A==}
    dependencies:
      has: 1.0.3

  /is-fullwidth-code-point/3.0.0:
    resolution: {integrity: sha512-zymm5+u+sCsSWyD9qNaejV3DFvhCKclKdizYaJUuHA83RLjb7nSuGnddCHGv0hk+KY7BMAlsWeK4Ueg6EV6XQg==}
    engines: {node: '>=8'}
    dev: false

  /is-interactive/1.0.0:
    resolution: {integrity: sha512-2HvIEKRoqS62guEC+qBjpvRubdX910WCMuJTZ+I9yvqKU2/12eSL549HMwtabb4oupdj2sMP50k+XJfB/8JE6w==}
    engines: {node: '>=8'}
    dev: false

  /is-unicode-supported/0.1.0:
    resolution: {integrity: sha512-knxG2q4UC3u8stRGyAVJCOdxFmv5DZiRcdlIaAQXAbSfJya+OhopNotLQrstBhququ4ZpuKbDc/8S6mgXgPFPw==}
    engines: {node: '>=10'}
    dev: false

  /jsonfile/6.1.0:
    resolution: {integrity: sha512-5dgndWOriYSm5cnYaJNhalLNDKOqFwyDB/rr1E9ZsGciGvKPs8R2xYGCacuf3z6K1YKDz182fd+fY3cn3pMqXQ==}
    dependencies:
      universalify: 2.0.0
    optionalDependencies:
      graceful-fs: 4.2.10
    dev: false

  /lodash/4.17.21:
    resolution: {integrity: sha512-v2kDEe57lecTulaDIuNTPy3Ry4gLGJ6Z1O3vE1krgXZNrsQ+LFTGHVxVjcXPs17LhbZVGedAJv8XZ1tvj5FvSg==}
    dev: false

  /log-symbols/4.1.0:
    resolution: {integrity: sha512-8XPvpAA8uyhfteu8pIvQxpJZ7SYYdpUivZpGy6sFsBuKRY/7rQGavedeB8aK+Zkyq6upMFVL/9AW6vOYzfRyLg==}
    engines: {node: '>=10'}
    dependencies:
      chalk: 4.1.2
      is-unicode-supported: 0.1.0
    dev: false

  /lru-cache/6.0.0:
    resolution: {integrity: sha512-Jo6dJ04CmSjuznwJSS3pUeWmd/H0ffTlkXXgwZi+eq1UCmqQwCh+eLsYOYCwY991i2Fah4h1BEMCx4qThGbsiA==}
    engines: {node: '>=10'}
    dependencies:
      yallist: 4.0.0
    dev: false

  /magic-string/0.25.9:
    resolution: {integrity: sha512-RmF0AsMzgt25qzqqLc1+MbHmhdx0ojF2Fvs4XnOqz2ZOBXzzkEwc/dJQZCYHAn7v1jbVOjAZfK8msRn4BxO4VQ==}
    dependencies:
      sourcemap-codec: 1.4.8

  /mimic-fn/2.1.0:
    resolution: {integrity: sha512-OqbOk5oEQeAZ8WXWydlu9HJjz9WVdEIvamMCcXmuqUYjTknH/sqsWvhQ3vgwKFRR1HpjvNBKQ37nbJgYzGqGcg==}
    engines: {node: '>=6'}
    dev: false

  /mute-stream/0.0.8:
    resolution: {integrity: sha512-nnbWWOkoWyUsTjKrhgD0dcz22mdkSnpYqbEjIm2nhwhuxlSkpywJmBo8h0ZqJdkp73mb90SssHkN4rsRaBAfAA==}
    dev: false

  /nanoid/3.3.4:
    resolution: {integrity: sha512-MqBkQh/OHTS2egovRtLk45wEyNXwF+cokD+1YPf9u5VfJiRdAiRwB2froX5Co9Rh20xs4siNPm8naNotSD6RBw==}
    engines: {node: ^10 || ^12 || ^13.7 || ^14 || >=15.0.1}
    hasBin: true

  /onetime/5.1.2:
    resolution: {integrity: sha512-kbpaSSGJTWdAY5KPVeMOKXSrPtr8C8C7wodJbcsd51jRnmD+GZu8Y0VoU6Dm5Z4vWr0Ig/1NKuWRKf7j5aaYSg==}
    engines: {node: '>=6'}
    dependencies:
      mimic-fn: 2.1.0
    dev: false

  /ora/5.4.1:
    resolution: {integrity: sha512-5b6Y85tPxZZ7QytO+BQzysW31HJku27cRIlkbAXaNx+BdcVi+LlRFmVXzeF6a7JCwJpyw5c4b+YSVImQIrBpuQ==}
    engines: {node: '>=10'}
    dependencies:
      bl: 4.1.0
      chalk: 4.1.2
      cli-cursor: 3.1.0
      cli-spinners: 2.6.1
      is-interactive: 1.0.0
      is-unicode-supported: 0.1.0
      log-symbols: 4.1.0
      strip-ansi: 6.0.1
      wcwidth: 1.0.1
    dev: false

  /os-tmpdir/1.0.2:
    resolution: {integrity: sha512-D2FR03Vir7FIu45XBY20mTb+/ZSWB00sjU9jdQXt83gDrI4Ztz5Fs7/yy74g2N5SVQY4xY1qDr4rNddwYRVX0g==}
    engines: {node: '>=0.10.0'}
    dev: false

  /path-parse/1.0.7:
    resolution: {integrity: sha512-LDJzPVEEEPR+y48z93A0Ed0yXb8pAByGWo/k5YYdYgpY2/2EsOsksJrq7lOHxryrVOn1ejG6oAp8ahvOIQD8sw==}

  /picocolors/1.0.0:
    resolution: {integrity: sha512-1fygroTLlHu66zi26VoTDv8yRgm0Fccecssto+MhsZ0D/DGW2sm8E8AjW7NU5VVTRt5GxbeZ5qBuJr+HyLYkjQ==}

  /postcss/8.4.14:
    resolution: {integrity: sha512-E398TUmfAYFPBSdzgeieK2Y1+1cpdxJx8yXbK/m57nRhKSmk1GB2tO4lbLBtlkfPQTDKfe4Xqv1ASWPpayPEig==}
    engines: {node: ^10 || ^12 || >=14}
    dependencies:
      nanoid: 3.3.4
      picocolors: 1.0.0
      source-map-js: 1.0.2

  /readable-stream/3.6.0:
    resolution: {integrity: sha512-BViHy7LKeTz4oNnkcLJ+lVSL6vpiFeX6/d3oSH8zCW7UxP2onchk+vTGB143xuFjHS3deTgkKoXXymXqymiIdA==}
    engines: {node: '>= 6'}
    dependencies:
      inherits: 2.0.4
      string_decoder: 1.3.0
      util-deprecate: 1.0.2
    dev: false

  /resolve/1.22.0:
    resolution: {integrity: sha512-Hhtrw0nLeSrFQ7phPp4OOcVjLPIeMnRlr5mcnVuMe7M/7eBn98A3hmFRLoFo3DLZkivSYwhRUJTyPyWAk56WLw==}
    hasBin: true
    dependencies:
      is-core-module: 2.9.0
      path-parse: 1.0.7
      supports-preserve-symlinks-flag: 1.0.0

  /restore-cursor/3.1.0:
    resolution: {integrity: sha512-l+sSefzHpj5qimhFSE5a8nufZYAM3sBSVMAPtYkmC+4EH2anSGaEMXSD0izRQbu9nfyQ9y5JrVmp7E8oZrUjvA==}
    engines: {node: '>=8'}
    dependencies:
      onetime: 5.1.2
      signal-exit: 3.0.7
    dev: false

  /rollup/2.75.6:
    resolution: {integrity: sha512-OEf0TgpC9vU6WGROJIk1JA3LR5vk/yvqlzxqdrE2CzzXnqKXNzbAwlWUXis8RS3ZPe7LAq+YUxsRa0l3r27MLA==}
    engines: {node: '>=10.0.0'}
    hasBin: true
    optionalDependencies:
      fsevents: 2.3.2

  /run-async/2.4.1:
    resolution: {integrity: sha512-tvVnVv01b8c1RrA6Ep7JkStj85Guv/YrMcwqYQnwjsAS2cTmmPGBBjAjpCW7RrSodNSoE2/qg9O4bceNvUuDgQ==}
    engines: {node: '>=0.12.0'}
    dev: false

  /rxjs/7.5.5:
    resolution: {integrity: sha512-sy+H0pQofO95VDmFLzyaw9xNJU4KTRSwQIGM6+iG3SypAtCiLDzpeG8sJrNCWn2Up9km+KhkvTdbkrdy+yzZdw==}
    dependencies:
      tslib: 2.4.0
    dev: false

  /safe-buffer/5.2.1:
    resolution: {integrity: sha512-rp3So07KcdmmKbGvgaNxQSJr7bGVSVk5S9Eq1F+ppbRo70+YeaDxkw5Dd8NPN+GD6bjnYm2VuPuCXmpuYvmCXQ==}
    dev: false

  /safer-buffer/2.1.2:
    resolution: {integrity: sha512-YZo3K82SD7Riyi0E1EQPojLz7kpepnSQI9IyPbHHg1XXXevb5dJI7tpyN2ADxGcQbHG7vcyRHk0cbwqcQriUtg==}
    dev: false

  /semver/7.3.7:
    resolution: {integrity: sha512-QlYTucUYOews+WeEujDoEGziz4K6c47V/Bd+LjSSYcA94p+DmINdf7ncaUinThfvZyu13lN9OY1XDxt8C0Tw0g==}
    engines: {node: '>=10'}
    hasBin: true
    dependencies:
      lru-cache: 6.0.0
    dev: false

  /signal-exit/3.0.7:
    resolution: {integrity: sha512-wnD2ZE+l+SPC/uoS0vXeE9L1+0wuaMqKlfz9AMUo38JsyLSBWSFcHR1Rri62LZc12vLr1gb3jl7iwQhgwpAbGQ==}
    dev: false

  /source-map-js/1.0.2:
    resolution: {integrity: sha512-R0XvVJ9WusLiqTCEiGCmICCMplcCkIwwR11mOSD9CR5u+IXYdiseeEuXCVAjS54zqwkLcPNnmU4OeJ6tUrWhDw==}
    engines: {node: '>=0.10.0'}

  /source-map/0.6.1:
    resolution: {integrity: sha512-UjgapumWlbMhkBgzT7Ykc5YXUT46F0iKu8SGXq0bcwP5dz/h0Plj6enJqjz1Zbq2l5WaqYnrVbwWOWMyF3F47g==}
    engines: {node: '>=0.10.0'}

  /sourcemap-codec/1.4.8:
    resolution: {integrity: sha512-9NykojV5Uih4lgo5So5dtw+f0JgJX30KCNI8gwhz2J9A15wD0Ml6tjHKwf6fTSa6fAdVBdZeNOs9eJ71qCk8vA==}

  /string-width/4.2.3:
    resolution: {integrity: sha512-wKyQRQpjJ0sIp62ErSZdGsjMJWsap5oRNihHhu6G7JVO/9jIB6UyevL+tXuOqrng8j/cxKTWyWUwvSTriiZz/g==}
    engines: {node: '>=8'}
    dependencies:
      emoji-regex: 8.0.0
      is-fullwidth-code-point: 3.0.0
      strip-ansi: 6.0.1
    dev: false

  /string_decoder/1.3.0:
    resolution: {integrity: sha512-hkRX8U1WjJFd8LsDJ2yQ/wWWxaopEsABU1XfkM8A+j0+85JAGppt16cr1Whg6KIbb4okU6Mql6BOj+uup/wKeA==}
    dependencies:
      safe-buffer: 5.2.1
    dev: false

  /strip-ansi/6.0.1:
    resolution: {integrity: sha512-Y38VPSHcqkFrCpFnQ9vuSXmquuv5oXOKpGeT6aGrr3o3Gc9AlVa6JBfUSOCnbxGGZF+/0ooI7KrPuUSztUdU5A==}
    engines: {node: '>=8'}
    dependencies:
      ansi-regex: 5.0.1
    dev: false

  /supports-color/7.2.0:
    resolution: {integrity: sha512-qpCAvRl9stuOHveKsn7HncJRvv501qIacKzQlO/+Lwxc9+0q2wLyv4Dfvt80/DPn2pqOBsJdDiogXGR9+OvwRw==}
    engines: {node: '>=8'}
    dependencies:
      has-flag: 4.0.0
    dev: false

  /supports-preserve-symlinks-flag/1.0.0:
    resolution: {integrity: sha512-ot0WnXS9fgdkgIcePe6RHNk1WA8+muPa6cSjeR3V8K27q9BB1rTE3R1p7Hv0z1ZyAc8s6Vvv8DIyWf681MAt0w==}
    engines: {node: '>= 0.4'}

  /through/2.3.8:
    resolution: {integrity: sha1-DdTJ/6q8NXlgsbckEV1+Doai4fU=}
    dev: false

  /tmp/0.0.33:
    resolution: {integrity: sha512-jRCJlojKnZ3addtTOjdIqoRuPEKBvNXcGYqzO6zWZX8KfKEpnGY5jfggJQ3EjKuu8D4bJRr0y+cYJFmYbImXGw==}
    engines: {node: '>=0.6.0'}
    dependencies:
      os-tmpdir: 1.0.2
    dev: false

  /to-fast-properties/2.0.0:
    resolution: {integrity: sha1-3F5pjL0HkmW8c+A3doGk5Og/YW4=}
    engines: {node: '>=4'}

  /tslib/2.4.0:
    resolution: {integrity: sha512-d6xOpEDfsi2CZVlPQzGeux8XMwLT9hssAsaPYExaQMuYskwb+x1x7J371tWlbBdWHroy99KnVB6qIkUbs5X3UQ==}
    dev: false

  /type-fest/0.21.3:
    resolution: {integrity: sha512-t0rzBq87m3fVcduHDUFhKmyyX+9eo6WQjZvf51Ea/M0Q7+T374Jp1aUiyUl0GKxp8M/OETVHSDvmkyPgvX+X2w==}
    engines: {node: '>=10'}
    dev: false

  /typescript/4.7.3:
    resolution: {integrity: sha512-WOkT3XYvrpXx4vMMqlD+8R8R37fZkjyLGlxavMc4iB8lrl8L0DeTcHbYgw/v0N/z9wAFsgBhcsF0ruoySS22mA==}
    engines: {node: '>=4.2.0'}
    hasBin: true
    dev: true

  /universalify/2.0.0:
    resolution: {integrity: sha512-hAZsKq7Yy11Zu1DE0OzWjw7nnLZmJZYTDZZyEFHZdUhV8FkH5MCfoU1XMaxXovpyW5nq5scPqq0ZDP9Zyl04oQ==}
    engines: {node: '>= 10.0.0'}
    dev: false

  /util-deprecate/1.0.2:
    resolution: {integrity: sha1-RQ1Nyfpw3nMnYvvS1KKJgUGaDM8=}
    dev: false

  /vite/2.9.10:
    resolution: {integrity: sha512-TwZRuSMYjpTurLqXspct+HZE7ONiW9d+wSWgvADGxhDPPyoIcNywY+RX4ng+QpK30DCa1l/oZgi2PLZDibhzbQ==}
    engines: {node: '>=12.2.0'}
    hasBin: true
    peerDependencies:
      less: '*'
      sass: '*'
      stylus: '*'
    peerDependenciesMeta:
      less:
        optional: true
      sass:
        optional: true
      stylus:
        optional: true
    dependencies:
      esbuild: 0.14.43
      postcss: 8.4.14
      resolve: 1.22.0
      rollup: 2.75.6
    optionalDependencies:
      fsevents: 2.3.2

  /vue-tsc/0.34.17_typescript@4.7.3:
    resolution: {integrity: sha512-jzUXky44ZLHC4daaJag7FQr3idlPYN719/K1eObGljz5KaS2UnVGTU/XSYCd7d6ampYYg4OsyalbHyJIxV0aEQ==}
    hasBin: true
    peerDependencies:
      typescript: '*'
    dependencies:
      '@volar/vue-typescript': 0.34.17
      typescript: 4.7.3
    dev: true

  /vue/3.2.37:
    resolution: {integrity: sha512-bOKEZxrm8Eh+fveCqS1/NkG/n6aMidsI6hahas7pa0w/l7jkbssJVsRhVDs07IdDq7h9KHswZOgItnwJAgtVtQ==}
    dependencies:
      '@vue/compiler-dom': 3.2.37
      '@vue/compiler-sfc': 3.2.37
      '@vue/runtime-dom': 3.2.37
      '@vue/server-renderer': 3.2.37_vue@3.2.37
      '@vue/shared': 3.2.37

  /wcwidth/1.0.1:
    resolution: {integrity: sha1-8LDc+RW8X/FSivrbLA4XtTLaL+g=}
    dependencies:
      defaults: 1.0.3
    dev: false

  /wrap-ansi/7.0.0:
    resolution: {integrity: sha512-YVGIj2kamLSTxw6NsZjoBxfSwsn0ycdesmc4p+Q21c5zPuZ1pl+NfxVdxPtdHvmNVOQ6XSYG4AUtyt/Fi7D16Q==}
    engines: {node: '>=10'}
    dependencies:
      ansi-styles: 4.3.0
      string-width: 4.2.3
      strip-ansi: 6.0.1
    dev: false

  /yallist/4.0.0:
    resolution: {integrity: sha512-3wdGidZyq5PB084XLES5TpOSRA3wjXAlIWMhum2kRcv/41Sn2emQ0dycQW4uZXLejwKvg6EsvbdlVL+FYEct7A==}
    dev: false
